
Microsoft Visual Studio Solution File, Format Version 12.00
# Visual Studio Version 17
VisualStudioVersion = 17.4.33103.184
MinimumVisualStudioVersion = 10.0.40219.1
Project("{FAE04EC0-301F-11D3-BF4B-00C04F79EFBC}") = "1_Elementare_Syntax", "1_Elementare_Syntax\1_Elementare_Syntax.csproj", "{8E9A5A20-334F-4A28-BA4A-5C09003DA162}"
EndProject
Project("{FAE04EC0-301F-11D3-BF4B-00C04F79EFBC}") = "2_Konsolenausgabe", "2_Konsolenausgabe\2_Konsolenausgabe.csproj", "{2971ED88-80C6-4B49-AC75-DD96AB60363D}"
EndProject
Global
	GlobalSection(SolutionConfigurationPlatforms) = preSolution
		Debug|Any CPU = Debug|Any CPU
		Release|Any CPU = Release|Any CPU
	EndGlobalSection
	GlobalSection(ProjectConfigurationPlatforms) = postSolution
		{8E9A5A20-334F-4A28-BA4A-5C09003DA162}.Debug|Any CPU.ActiveCfg = Debug|Any CPU
		{8E9A5A20-334F-4A28-BA4A-5C09003DA162}.Debug|Any CPU.Build.0 = Debug|Any CPU
		{8E9A5A20-334F-4A28-BA4A-5C09003DA162}.Release|Any CPU.ActiveCfg = Release|Any CPU
		{8E9A5A20-334F-4A28-BA4A-5C09003DA162}.Release|Any CPU.Build.0 = Release|Any CPU
		{2971ED88-80C6-4B49-AC75-DD96AB60363D}.Debug|Any CPU.ActiveCfg = Debug|Any CPU
		{2971ED88-80C6-4B49-AC75-DD96AB60363D}.Debug|Any CPU.Build.0 = Debug|Any CPU
		{2971ED88-80C6-4B49-AC75-DD96AB60363D}.Release|Any CPU.ActiveCfg = Release|Any CPU
		{2971ED88-80C6-4B49-AC75-DD96AB60363D}.Release|Any CPU.Build.0 = Release|Any CPU
	EndGlobalSection
	GlobalSection(SolutionProperties) = preSolution
		HideSolutionNode = FALSE
	EndGlobalSection
	GlobalSection(ExtensibilityGlobals) = postSolution
		SolutionGuid = {05FD9C60-9F02-40D9-9A84-2B4E013134F6}
	EndGlobalSection
EndGlobal
